
Microsoft Visual Studio Solution File, Format Version 12.00
# Visual Studio Version 16
VisualStudioVersion = 16.0.30907.101
MinimumVisualStudioVersion = 15.0.26124.0
Project("{6EC3EE1D-3C4E-46DD-8F32-0CC8E7565705}") = "ReleaseNotes.FAKE", "src\Release.FAKE\ReleaseNotes.FAKE.fsproj", "{ED8E445F-9463-449C-9657-44522A9FAA95}"
EndProject
Project("{2150E333-8FDC-42A3-9474-1A3956D46DE8}") = "Solution Items", "Solution Items", "{7246FAC5-EF00-4626-96E0-A16702407630}"
	ProjectSection(SolutionItems) = preProject
		.gitignore = .gitignore
		build.cmd = build.cmd
		build.fsx = build.fsx
		build.sh = build.sh
		README.md = README.md
		RELEASE_NOTES.md = RELEASE_NOTES.md
	EndProjectSection
EndProject
Project("{6EC3EE1D-3C4E-46DD-8F32-0CC8E7565705}") = "ReleaseNotes.FAKE.Tests", "tests\Release.FAKE.Tests\ReleaseNotes.FAKE.Tests.fsproj", "{506E6E46-9264-490C-883B-2B33DA20DB10}"
EndProject
Global
	GlobalSection(SolutionConfigurationPlatforms) = preSolution
		Debug|Any CPU = Debug|Any CPU
		Debug|x64 = Debug|x64
		Debug|x86 = Debug|x86
		Release|Any CPU = Release|Any CPU
		Release|x64 = Release|x64
		Release|x86 = Release|x86
	EndGlobalSection
	GlobalSection(ProjectConfigurationPlatforms) = postSolution
		{ED8E445F-9463-449C-9657-44522A9FAA95}.Debug|Any CPU.ActiveCfg = Debug|Any CPU
		{ED8E445F-9463-449C-9657-44522A9FAA95}.Debug|Any CPU.Build.0 = Debug|Any CPU
		{ED8E445F-9463-449C-9657-44522A9FAA95}.Debug|x64.ActiveCfg = Debug|Any CPU
		{ED8E445F-9463-449C-9657-44522A9FAA95}.Debug|x64.Build.0 = Debug|Any CPU
		{ED8E445F-9463-449C-9657-44522A9FAA95}.Debug|x86.ActiveCfg = Debug|Any CPU
		{ED8E445F-9463-449C-9657-44522A9FAA95}.Debug|x86.Build.0 = Debug|Any CPU
		{ED8E445F-9463-449C-9657-44522A9FAA95}.Release|Any CPU.ActiveCfg = Release|Any CPU
		{ED8E445F-9463-449C-9657-44522A9FAA95}.Release|Any CPU.Build.0 = Release|Any CPU
		{ED8E445F-9463-449C-9657-44522A9FAA95}.Release|x64.ActiveCfg = Release|Any CPU
		{ED8E445F-9463-449C-9657-44522A9FAA95}.Release|x64.Build.0 = Release|Any CPU
		{ED8E445F-9463-449C-9657-44522A9FAA95}.Release|x86.ActiveCfg = Release|Any CPU
		{ED8E445F-9463-449C-9657-44522A9FAA95}.Release|x86.Build.0 = Release|Any CPU
		{506E6E46-9264-490C-883B-2B33DA20DB10}.Debug|Any CPU.ActiveCfg = Debug|Any CPU
		{506E6E46-9264-490C-883B-2B33DA20DB10}.Debug|Any CPU.Build.0 = Debug|Any CPU
		{506E6E46-9264-490C-883B-2B33DA20DB10}.Debug|x64.ActiveCfg = Debug|Any CPU
		{506E6E46-9264-490C-883B-2B33DA20DB10}.Debug|x64.Build.0 = Debug|Any CPU
		{506E6E46-9264-490C-883B-2B33DA20DB10}.Debug|x86.ActiveCfg = Debug|Any CPU
		{506E6E46-9264-490C-883B-2B33DA20DB10}.Debug|x86.Build.0 = Debug|Any CPU
		{506E6E46-9264-490C-883B-2B33DA20DB10}.Release|Any CPU.ActiveCfg = Release|Any CPU
		{506E6E46-9264-490C-883B-2B33DA20DB10}.Release|Any CPU.Build.0 = Release|Any CPU
		{506E6E46-9264-490C-883B-2B33DA20DB10}.Release|x64.ActiveCfg = Release|Any CPU
		{506E6E46-9264-490C-883B-2B33DA20DB10}.Release|x64.Build.0 = Release|Any CPU
		{506E6E46-9264-490C-883B-2B33DA20DB10}.Release|x86.ActiveCfg = Release|Any CPU
		{506E6E46-9264-490C-883B-2B33DA20DB10}.Release|x86.Build.0 = Release|Any CPU
	EndGlobalSection
	GlobalSection(SolutionProperties) = preSolution
		HideSolutionNode = FALSE
	EndGlobalSection
	GlobalSection(ExtensibilityGlobals) = postSolution
		SolutionGuid = {5CA2432C-2647-4B1B-9901-3A1FC11659E4}
	EndGlobalSection
EndGlobal
